
Microsoft Visual Studio Solution File, Format Version 12.00
# Visual Studio Version 17
VisualStudioVersion = 17.14.36212.18 d17.14
MinimumVisualStudioVersion = 10.0.40219.1
Project("{FAE04EC0-301F-11D3-BF4B-00C04F79EFBC}") = "implement the factory method", "implement the factory method\implement the factory method.csproj", "{ED706446-CA44-407B-86E2-3514D30D1EDD}"
EndProject
Global
	GlobalSection(SolutionConfigurationPlatforms) = preSolution
		Debug|Any CPU = Debug|Any CPU
		Release|Any CPU = Release|Any CPU
	EndGlobalSection
	GlobalSection(ProjectConfigurationPlatforms) = postSolution
		{ED706446-CA44-407B-86E2-3514D30D1EDD}.Debug|Any CPU.ActiveCfg = Debug|Any CPU
		{ED706446-CA44-407B-86E2-3514D30D1EDD}.Debug|Any CPU.Build.0 = Debug|Any CPU
		{ED706446-CA44-407B-86E2-3514D30D1EDD}.Release|Any CPU.ActiveCfg = Release|Any CPU
		{ED706446-CA44-407B-86E2-3514D30D1EDD}.Release|Any CPU.Build.0 = Release|Any CPU
	EndGlobalSection
	GlobalSection(SolutionProperties) = preSolution
		HideSolutionNode = FALSE
	EndGlobalSection
	GlobalSection(ExtensibilityGlobals) = postSolution
		SolutionGuid = {14830D77-F9AE-4184-A2C3-479EAE94390B}
	EndGlobalSection
EndGlobal
