
Microsoft Visual Studio Solution File, Format Version 12.00
# Visual Studio Version 17
VisualStudioVersion = 17.14.36212.18 d17.14
MinimumVisualStudioVersion = 10.0.40219.1
Project("{FAE04EC0-301F-11D3-BF4B-00C04F79EFBC}") = "ConsoleApp2", "ConsoleApp2\ConsoleApp2.csproj", "{525DF1D5-8473-4E6A-A810-CB6DAE78B38D}"
EndProject
Global
	GlobalSection(SolutionConfigurationPlatforms) = preSolution
		Debug|Any CPU = Debug|Any CPU
		Release|Any CPU = Release|Any CPU
	EndGlobalSection
	GlobalSection(ProjectConfigurationPlatforms) = postSolution
		{525DF1D5-8473-4E6A-A810-CB6DAE78B38D}.Debug|Any CPU.ActiveCfg = Debug|Any CPU
		{525DF1D5-8473-4E6A-A810-CB6DAE78B38D}.Debug|Any CPU.Build.0 = Debug|Any CPU
		{525DF1D5-8473-4E6A-A810-CB6DAE78B38D}.Release|Any CPU.ActiveCfg = Release|Any CPU
		{525DF1D5-8473-4E6A-A810-CB6DAE78B38D}.Release|Any CPU.Build.0 = Release|Any CPU
	EndGlobalSection
	GlobalSection(SolutionProperties) = preSolution
		HideSolutionNode = FALSE
	EndGlobalSection
	GlobalSection(ExtensibilityGlobals) = postSolution
		SolutionGuid = {41FF02E7-3B1A-4D27-B240-0936B56A1038}
	EndGlobalSection
EndGlobal
